// !$*UTF8*$!
{
	archiveVersion = 1;
	classes = {
	};
	objectVersion = 56;
	objects = {

/* Begin PBXBuildFile section */
		E27265982B27149200DF4584 /* AppDelegate.swift in Sources */ = {isa = PBXBuildFile; fileRef = E27265972B27149200DF4584 /* AppDelegate.swift */; };
		E272659E2B27149200DF4584 /* MainScene.swift in Sources */ = {isa = PBXBuildFile; fileRef = E272659D2B27149200DF4584 /* MainScene.swift */; };
		E27265A02B27149200DF4584 /* ViewController.swift in Sources */ = {isa = PBXBuildFile; fileRef = E272659F2B27149200DF4584 /* ViewController.swift */; };
		E27265A22B27149400DF4584 /* Assets.xcassets in Resources */ = {isa = PBXBuildFile; fileRef = E27265A12B27149400DF4584 /* Assets.xcassets */; };
		E27265A52B27149400DF4584 /* Main.storyboard in Resources */ = {isa = PBXBuildFile; fileRef = E27265A32B27149400DF4584 /* Main.storyboard */; };
		E27265AE2B27154700DF4584 /* Player.swift in Sources */ = {isa = PBXBuildFile; fileRef = E27265AD2B27154700DF4584 /* Player.swift */; };
		E27265B32B27164400DF4584 /* Constants.swift in Sources */ = {isa = PBXBuildFile; fileRef = E27265B22B27164400DF4584 /* Constants.swift */; };
		E27265B52B27185500DF4584 /* GameScene.swift in Sources */ = {isa = PBXBuildFile; fileRef = E27265B42B27185500DF4584 /* GameScene.swift */; };
		E27265B72B27199000DF4584 /* GameZone.swift in Sources */ = {isa = PBXBuildFile; fileRef = E27265B62B27199000DF4584 /* GameZone.swift */; };
		E27265B92B271E2800DF4584 /* Bullet.swift in Sources */ = {isa = PBXBuildFile; fileRef = E27265B82B271E2800DF4584 /* Bullet.swift */; };
		E27265BB2B271E6400DF4584 /* Direction.swift in Sources */ = {isa = PBXBuildFile; fileRef = E27265BA2B271E6400DF4584 /* Direction.swift */; };
		E27265BD2B27216E00DF4584 /* LevelGenerator.swift in Sources */ = {isa = PBXBuildFile; fileRef = E27265BC2B27216E00DF4584 /* LevelGenerator.swift */; };
		E27265BF2B272E1600DF4584 /* Wall.swift in Sources */ = {isa = PBXBuildFile; fileRef = E27265BE2B272E1600DF4584 /* Wall.swift */; };
		E27265C12B2734DA00DF4584 /* Base.swift in Sources */ = {isa = PBXBuildFile; fileRef = E27265C02B2734DA00DF4584 /* Base.swift */; };
		E27265C32B27382300DF4584 /* Enemy.swift in Sources */ = {isa = PBXBuildFile; fileRef = E27265C22B27382300DF4584 /* Enemy.swift */; };
		E27265C52B27388200DF4584 /* Difficulty.swift in Sources */ = {isa = PBXBuildFile; fileRef = E27265C42B27388200DF4584 /* Difficulty.swift */; };
		E27265C72B2738C900DF4584 /* Level.swift in Sources */ = {isa = PBXBuildFile; fileRef = E27265C62B2738C900DF4584 /* Level.swift */; };
/* End PBXBuildFile section */

/* Begin PBXFileReference section */
		E27265942B27149200DF4584 /* BattleCity.app */ = {isa = PBXFileReference; explicitFileType = wrapper.application; includeInIndex = 0; path = BattleCity.app; sourceTree = BUILT_PRODUCTS_DIR; };
		E27265972B27149200DF4584 /* AppDelegate.swift */ = {isa = PBXFileReference; lastKnownFileType = sourcecode.swift; path = AppDelegate.swift; sourceTree = "<group>"; };
		E272659D2B27149200DF4584 /* MainScene.swift */ = {isa = PBXFileReference; lastKnownFileType = sourcecode.swift; path = MainScene.swift; sourceTree = "<group>"; };
		E272659F2B27149200DF4584 /* ViewController.swift */ = {isa = PBXFileReference; lastKnownFileType = sourcecode.swift; path = ViewController.swift; sourceTree = "<group>"; };
		E27265A12B27149400DF4584 /* Assets.xcassets */ = {isa = PBXFileReference; lastKnownFileType = folder.assetcatalog; path = Assets.xcassets; sourceTree = "<group>"; };
		E27265A42B27149400DF4584 /* Base */ = {isa = PBXFileReference; lastKnownFileType = file.storyboard; name = Base; path = Base.lproj/Main.storyboard; sourceTree = "<group>"; };
		E27265AD2B27154700DF4584 /* Player.swift */ = {isa = PBXFileReference; lastKnownFileType = sourcecode.swift; path = Player.swift; sourceTree = "<group>"; };
		E27265B22B27164400DF4584 /* Constants.swift */ = {isa = PBXFileReference; lastKnownFileType = sourcecode.swift; path = Constants.swift; sourceTree = "<group>"; };
		E27265B42B27185500DF4584 /* GameScene.swift */ = {isa = PBXFileReference; lastKnownFileType = sourcecode.swift; path = GameScene.swift; sourceTree = "<group>"; };
		E27265B62B27199000DF4584 /* GameZone.swift */ = {isa = PBXFileReference; lastKnownFileType = sourcecode.swift; path = GameZone.swift; sourceTree = "<group>"; };
		E27265B82B271E2800DF4584 /* Bullet.swift */ = {isa = PBXFileReference; lastKnownFileType = sourcecode.swift; path = Bullet.swift; sourceTree = "<group>"; };
		E27265BA2B271E6400DF4584 /* Direction.swift */ = {isa = PBXFileReference; lastKnownFileType = sourcecode.swift; path = Direction.swift; sourceTree = "<group>"; };
		E27265BC2B27216E00DF4584 /* LevelGenerator.swift */ = {isa = PBXFileReference; lastKnownFileType = sourcecode.swift; path = LevelGenerator.swift; sourceTree = "<group>"; };
		E27265BE2B272E1600DF4584 /* Wall.swift */ = {isa = PBXFileReference; lastKnownFileType = sourcecode.swift; path = Wall.swift; sourceTree = "<group>"; };
		E27265C02B2734DA00DF4584 /* Base.swift */ = {isa = PBXFileReference; lastKnownFileType = sourcecode.swift; path = Base.swift; sourceTree = "<group>"; };
		E27265C22B27382300DF4584 /* Enemy.swift */ = {isa = PBXFileReference; lastKnownFileType = sourcecode.swift; path = Enemy.swift; sourceTree = "<group>"; };
		E27265C42B27388200DF4584 /* Difficulty.swift */ = {isa = PBXFileReference; lastKnownFileType = sourcecode.swift; path = Difficulty.swift; sourceTree = "<group>"; };
		E27265C62B2738C900DF4584 /* Level.swift */ = {isa = PBXFileReference; lastKnownFileType = sourcecode.swift; path = Level.swift; sourceTree = "<group>"; };
/* End PBXFileReference section */

/* Begin PBXFrameworksBuildPhase section */
		E27265912B27149200DF4584 /* Frameworks */ = {
			isa = PBXFrameworksBuildPhase;
			buildActionMask = 2147483647;
			files = (
			);
			runOnlyForDeploymentPostprocessing = 0;
		};
/* End PBXFrameworksBuildPhase section */

/* Begin PBXGroup section */
		E272658B2B27149200DF4584 = {
			isa = PBXGroup;
			children = (
				E27265962B27149200DF4584 /* BattleCity */,
				E27265952B27149200DF4584 /* Products */,
			);
			sourceTree = "<group>";
		};
		E27265952B27149200DF4584 /* Products */ = {
			isa = PBXGroup;
			children = (
				E27265942B27149200DF4584 /* BattleCity.app */,
			);
			name = Products;
			sourceTree = "<group>";
		};
		E27265962B27149200DF4584 /* BattleCity */ = {
			isa = PBXGroup;
			children = (
				E27265972B27149200DF4584 /* AppDelegate.swift */,
				E272659D2B27149200DF4584 /* MainScene.swift */,
				E27265B42B27185500DF4584 /* GameScene.swift */,
				E272659F2B27149200DF4584 /* ViewController.swift */,
				E27265A12B27149400DF4584 /* Assets.xcassets */,
				E27265A32B27149400DF4584 /* Main.storyboard */,
				E27265AF2B27155C00DF4584 /* Utils */,
				E27265AC2B27154000DF4584 /* Entities */,
			);
			path = BattleCity;
			sourceTree = "<group>";
		};
		E27265AC2B27154000DF4584 /* Entities */ = {
			isa = PBXGroup;
			children = (
				E27265AD2B27154700DF4584 /* Player.swift */,
				E27265B62B27199000DF4584 /* GameZone.swift */,
				E27265B82B271E2800DF4584 /* Bullet.swift */,
				E27265BE2B272E1600DF4584 /* Wall.swift */,
				E27265C02B2734DA00DF4584 /* Base.swift */,
				E27265C22B27382300DF4584 /* Enemy.swift */,
			);
			path = Entities;
			sourceTree = "<group>";
		};
		E27265AF2B27155C00DF4584 /* Utils */ = {
			isa = PBXGroup;
			children = (
				E27265B22B27164400DF4584 /* Constants.swift */,
				E27265BA2B271E6400DF4584 /* Direction.swift */,
				E27265BC2B27216E00DF4584 /* LevelGenerator.swift */,
				E27265C42B27388200DF4584 /* Difficulty.swift */,
				E27265C62B2738C900DF4584 /* Level.swift */,
			);
			path = Utils;
			sourceTree = "<group>";
		};
/* End PBXGroup section */

/* Begin PBXNativeTarget section */
		E27265932B27149200DF4584 /* BattleCity */ = {
			isa = PBXNativeTarget;
			buildConfigurationList = E27265A92B27149400DF4584 /* Build configuration list for PBXNativeTarget "BattleCity" */;
			buildPhases = (
				E27265902B27149200DF4584 /* Sources */,
				E27265912B27149200DF4584 /* Frameworks */,
				E27265922B27149200DF4584 /* Resources */,
			);
			buildRules = (
			);
			dependencies = (
			);
			name = BattleCity;
			productName = BattleCity;
			productReference = E27265942B27149200DF4584 /* BattleCity.app */;
			productType = "com.apple.product-type.application";
		};
/* End PBXNativeTarget section */

/* Begin PBXProject section */
		E272658C2B27149200DF4584 /* Project object */ = {
			isa = PBXProject;
			attributes = {
				BuildIndependentTargetsInParallel = 1;
				LastSwiftUpdateCheck = 1500;
				LastUpgradeCheck = 1500;
				TargetAttributes = {
					E27265932B27149200DF4584 = {
						CreatedOnToolsVersion = 15.0;
					};
				};
			};
			buildConfigurationList = E272658F2B27149200DF4584 /* Build configuration list for PBXProject "BattleCity" */;
			compatibilityVersion = "Xcode 14.0";
			developmentRegion = en;
			hasScannedForEncodings = 0;
			knownRegions = (
				en,
				Base,
			);
			mainGroup = E272658B2B27149200DF4584;
			productRefGroup = E27265952B27149200DF4584 /* Products */;
			projectDirPath = "";
			projectRoot = "";
			targets = (
				E27265932B27149200DF4584 /* BattleCity */,
			);
		};
/* End PBXProject section */

/* Begin PBXResourcesBuildPhase section */
		E27265922B27149200DF4584 /* Resources */ = {
			isa = PBXResourcesBuildPhase;
			buildActionMask = 2147483647;
			files = (
				E27265A22B27149400DF4584 /* Assets.xcassets in Resources */,
				E27265A52B27149400DF4584 /* Main.storyboard in Resources */,
			);
			runOnlyForDeploymentPostprocessing = 0;
		};
/* End PBXResourcesBuildPhase section */

/* Begin PBXSourcesBuildPhase section */
		E27265902B27149200DF4584 /* Sources */ = {
			isa = PBXSourcesBuildPhase;
			buildActionMask = 2147483647;
			files = (
				E27265C12B2734DA00DF4584 /* Base.swift in Sources */,
				E27265AE2B27154700DF4584 /* Player.swift in Sources */,
				E27265C52B27388200DF4584 /* Difficulty.swift in Sources */,
				E27265C72B2738C900DF4584 /* Level.swift in Sources */,
				E27265C32B27382300DF4584 /* Enemy.swift in Sources */,
				E27265A02B27149200DF4584 /* ViewController.swift in Sources */,
				E27265BD2B27216E00DF4584 /* LevelGenerator.swift in Sources */,
				E27265BF2B272E1600DF4584 /* Wall.swift in Sources */,
				E272659E2B27149200DF4584 /* MainScene.swift in Sources */,
				E27265982B27149200DF4584 /* AppDelegate.swift in Sources */,
				E27265B52B27185500DF4584 /* GameScene.swift in Sources */,
				E27265BB2B271E6400DF4584 /* Direction.swift in Sources */,
				E27265B32B27164400DF4584 /* Constants.swift in Sources */,
				E27265B72B27199000DF4584 /* GameZone.swift in Sources */,
				E27265B92B271E2800DF4584 /* Bullet.swift in Sources */,
			);
			runOnlyForDeploymentPostprocessing = 0;
		};
/* End PBXSourcesBuildPhase section */

/* Begin PBXVariantGroup section */
		E27265A32B27149400DF4584 /* Main.storyboard */ = {
			isa = PBXVariantGroup;
			children = (
				E27265A42B27149400DF4584 /* Base */,
			);
			name = Main.storyboard;
			sourceTree = "<group>";
		};
/* End PBXVariantGroup section */

/* Begin XCBuildConfiguration section */
		E27265A72B27149400DF4584 /* Debug */ = {
			isa = XCBuildConfiguration;
			buildSettings = {
				ALWAYS_SEARCH_USER_PATHS = NO;
				ASSETCATALOG_COMPILER_GENERATE_SWIFT_ASSET_SYMBOL_EXTENSIONS = YES;
				CLANG_ANALYZER_NONNULL = YES;
				CLANG_ANALYZER_NUMBER_OBJECT_CONVERSION = YES_AGGRESSIVE;
				CLANG_CXX_LANGUAGE_STANDARD = "gnu++20";
				CLANG_ENABLE_MODULES = YES;
				CLANG_ENABLE_OBJC_ARC = YES;
				CLANG_ENABLE_OBJC_WEAK = YES;
				CLANG_WARN_BLOCK_CAPTURE_AUTORELEASING = YES;
				CLANG_WARN_BOOL_CONVERSION = YES;
				CLANG_WARN_COMMA = YES;
				CLANG_WARN_CONSTANT_CONVERSION = YES;
				CLANG_WARN_DEPRECATED_OBJC_IMPLEMENTATIONS = YES;
				CLANG_WARN_DIRECT_OBJC_ISA_USAGE = YES_ERROR;
				CLANG_WARN_DOCUMENTATION_COMMENTS = YES;
				CLANG_WARN_EMPTY_BODY = YES;
				CLANG_WARN_ENUM_CONVERSION = YES;
				CLANG_WARN_INFINITE_RECURSION = YES;
				CLANG_WARN_INT_CONVERSION = YES;
				CLANG_WARN_NON_LITERAL_NULL_CONVERSION = YES;
				CLANG_WARN_OBJC_IMPLICIT_RETAIN_SELF = YES;
				CLANG_WARN_OBJC_LITERAL_CONVERSION = YES;
				CLANG_WARN_OBJC_ROOT_CLASS = YES_ERROR;
				CLANG_WARN_QUOTED_INCLUDE_IN_FRAMEWORK_HEADER = YES;
				CLANG_WARN_RANGE_LOOP_ANALYSIS = YES;
				CLANG_WARN_STRICT_PROTOTYPES = YES;
				CLANG_WARN_SUSPICIOUS_MOVE = YES;
				CLANG_WARN_UNGUARDED_AVAILABILITY = YES_AGGRESSIVE;
				CLANG_WARN_UNREACHABLE_CODE = YES;
				CLANG_WARN__DUPLICATE_METHOD_MATCH = YES;
				COPY_PHASE_STRIP = NO;
				DEBUG_INFORMATION_FORMAT = dwarf;
				ENABLE_STRICT_OBJC_MSGSEND = YES;
				ENABLE_TESTABILITY = YES;
				ENABLE_USER_SCRIPT_SANDBOXING = YES;
				GCC_C_LANGUAGE_STANDARD = gnu17;
				GCC_DYNAMIC_NO_PIC = NO;
				GCC_NO_COMMON_BLOCKS = YES;
				GCC_OPTIMIZATION_LEVEL = 0;
				GCC_PREPROCESSOR_DEFINITIONS = (
					"DEBUG=1",
					"$(inherited)",
				);
				GCC_WARN_64_TO_32_BIT_CONVERSION = YES;
				GCC_WARN_ABOUT_RETURN_TYPE = YES_ERROR;
				GCC_WARN_UNDECLARED_SELECTOR = YES;
				GCC_WARN_UNINITIALIZED_AUTOS = YES_AGGRESSIVE;
				GCC_WARN_UNUSED_FUNCTION = YES;
				GCC_WARN_UNUSED_VARIABLE = YES;
				LOCALIZATION_PREFERS_STRING_CATALOGS = YES;
				MACOSX_DEPLOYMENT_TARGET = 14.0;
				MTL_ENABLE_DEBUG_INFO = INCLUDE_SOURCE;
				MTL_FAST_MATH = YES;
				ONLY_ACTIVE_ARCH = YES;
				SDKROOT = macosx;
				SWIFT_ACTIVE_COMPILATION_CONDITIONS = "DEBUG $(inherited)";
				SWIFT_OPTIMIZATION_LEVEL = "-Onone";
			};
			name = Debug;
		};
		E27265A82B27149400DF4584 /* Release */ = {
			isa = XCBuildConfiguration;
			buildSettings = {
				ALWAYS_SEARCH_USER_PATHS = NO;
				ASSETCATALOG_COMPILER_GENERATE_SWIFT_ASSET_SYMBOL_EXTENSIONS = YES;
				CLANG_ANALYZER_NONNULL = YES;
				CLANG_ANALYZER_NUMBER_OBJECT_CONVERSION = YES_AGGRESSIVE;
				CLANG_CXX_LANGUAGE_STANDARD = "gnu++20";
				CLANG_ENABLE_MODULES = YES;
				CLANG_ENABLE_OBJC_ARC = YES;
				CLANG_ENABLE_OBJC_WEAK = YES;
				CLANG_WARN_BLOCK_CAPTURE_AUTORELEASING = YES;
				CLANG_WARN_BOOL_CONVERSION = YES;
				CLANG_WARN_COMMA = YES;
				CLANG_WARN_CONSTANT_CONVERSION = YES;
				CLANG_WARN_DEPRECATED_OBJC_IMPLEMENTATIONS = YES;
				CLANG_WARN_DIRECT_OBJC_ISA_USAGE = YES_ERROR;
				CLANG_WARN_DOCUMENTATION_COMMENTS = YES;
				CLANG_WARN_EMPTY_BODY = YES;
				CLANG_WARN_ENUM_CONVERSION = YES;
				CLANG_WARN_INFINITE_RECURSION = YES;
				CLANG_WARN_INT_CONVERSION = YES;
				CLANG_WARN_NON_LITERAL_NULL_CONVERSION = YES;
				CLANG_WARN_OBJC_IMPLICIT_RETAIN_SELF = YES;
				CLANG_WARN_OBJC_LITERAL_CONVERSION = YES;
				CLANG_WARN_OBJC_ROOT_CLASS = YES_ERROR;
				CLANG_WARN_QUOTED_INCLUDE_IN_FRAMEWORK_HEADER = YES;
				CLANG_WARN_RANGE_LOOP_ANALYSIS = YES;
				CLANG_WARN_STRICT_PROTOTYPES = YES;
				CLANG_WARN_SUSPICIOUS_MOVE = YES;
				CLANG_WARN_UNGUARDED_AVAILABILITY = YES_AGGRESSIVE;
				CLANG_WARN_UNREACHABLE_CODE = YES;
				CLANG_WARN__DUPLICATE_METHOD_MATCH = YES;
				COPY_PHASE_STRIP = NO;
				DEBUG_INFORMATION_FORMAT = "dwarf-with-dsym";
				ENABLE_NS_ASSERTIONS = NO;
				ENABLE_STRICT_OBJC_MSGSEND = YES;
				ENABLE_USER_SCRIPT_SANDBOXING = YES;
				GCC_C_LANGUAGE_STANDARD = gnu17;
				GCC_NO_COMMON_BLOCKS = YES;
				GCC_WARN_64_TO_32_BIT_CONVERSION = YES;
				GCC_WARN_ABOUT_RETURN_TYPE = YES_ERROR;
				GCC_WARN_UNDECLARED_SELECTOR = YES;
				GCC_WARN_UNINITIALIZED_AUTOS = YES_AGGRESSIVE;
				GCC_WARN_UNUSED_FUNCTION = YES;
				GCC_WARN_UNUSED_VARIABLE = YES;
				LOCALIZATION_PREFERS_STRING_CATALOGS = YES;
				MACOSX_DEPLOYMENT_TARGET = 14.0;
				MTL_ENABLE_DEBUG_INFO = NO;
				MTL_FAST_MATH = YES;
				SDKROOT = macosx;
				SWIFT_COMPILATION_MODE = wholemodule;
			};
			name = Release;
		};
		E27265AA2B27149400DF4584 /* Debug */ = {
			isa = XCBuildConfiguration;
			buildSettings = {
				ASSETCATALOG_COMPILER_APPICON_NAME = AppIcon;
				ASSETCATALOG_COMPILER_GLOBAL_ACCENT_COLOR_NAME = AccentColor;
				CODE_SIGN_ENTITLEMENTS = "";
				"CODE_SIGN_IDENTITY[sdk=macosx*]" = "-";
				CODE_SIGN_STYLE = Automatic;
				COMBINE_HIDPI_IMAGES = YES;
				CURRENT_PROJECT_VERSION = 1;
				DEVELOPMENT_TEAM = W25X3836JP;
				GENERATE_INFOPLIST_FILE = YES;
				INFOPLIST_KEY_NSHumanReadableCopyright = "";
				INFOPLIST_KEY_NSMainStoryboardFile = Main;
				INFOPLIST_KEY_NSPrincipalClass = NSApplication;
				LD_RUNPATH_SEARCH_PATHS = (
					"$(inherited)",
					"@executable_path/../Frameworks",
				);
				MARKETING_VERSION = 1.0;
				PRODUCT_BUNDLE_IDENTIFIER = com.andriimoisol.BattleCity;
				PRODUCT_NAME = "$(TARGET_NAME)";
				SWIFT_EMIT_LOC_STRINGS = YES;
				SWIFT_VERSION = 5.0;
			};
			name = Debug;
		};
		E27265AB2B27149400DF4584 /* Release */ = {
			isa = XCBuildConfiguration;
			buildSettings = {
				ASSETCATALOG_COMPILER_APPICON_NAME = AppIcon;
				ASSETCATALOG_COMPILER_GLOBAL_ACCENT_COLOR_NAME = AccentColor;
				CODE_SIGN_ENTITLEMENTS = "";
				"CODE_SIGN_IDENTITY[sdk=macosx*]" = "-";
				CODE_SIGN_STYLE = Automatic;
				COMBINE_HIDPI_IMAGES = YES;
				CURRENT_PROJECT_VERSION = 1;
				DEVELOPMENT_TEAM = W25X3836JP;
				GENERATE_INFOPLIST_FILE = YES;
				INFOPLIST_KEY_NSHumanReadableCopyright = "";
				INFOPLIST_KEY_NSMainStoryboardFile = Main;
				INFOPLIST_KEY_NSPrincipalClass = NSApplication;
				LD_RUNPATH_SEARCH_PATHS = (
					"$(inherited)",
					"@executable_path/../Frameworks",
				);
				MARKETING_VERSION = 1.0;
				PRODUCT_BUNDLE_IDENTIFIER = com.andriimoisol.BattleCity;
				PRODUCT_NAME = "$(TARGET_NAME)";
				SWIFT_EMIT_LOC_STRINGS = YES;
				SWIFT_VERSION = 5.0;
			};
			name = Release;
		};
/* End XCBuildConfiguration section */

/* Begin XCConfigurationList section */
		E272658F2B27149200DF4584 /* Build configuration list for PBXProject "BattleCity" */ = {
			isa = XCConfigurationList;
			buildConfigurations = (
				E27265A72B27149400DF4584 /* Debug */,
				E27265A82B27149400DF4584 /* Release */,
			);
			defaultConfigurationIsVisible = 0;
			defaultConfigurationName = Release;
		};
		E27265A92B27149400DF4584 /* Build configuration list for PBXNativeTarget "BattleCity" */ = {
			isa = XCConfigurationList;
			buildConfigurations = (
				E27265AA2B27149400DF4584 /* Debug */,
				E27265AB2B27149400DF4584 /* Release */,
			);
			defaultConfigurationIsVisible = 0;
			defaultConfigurationName = Release;
		};
/* End XCConfigurationList section */
	};
	rootObject = E272658C2B27149200DF4584 /* Project object */;
}
